
Microsoft Visual Studio Solution File, Format Version 12.00
# Visual Studio 14
VisualStudioVersion = 14.0.25420.1
MinimumVisualStudioVersion = 10.0.40219.1
Project("{FAE04EC0-301F-11D3-BF4B-00C04F79EFBC}") = "Shared", "Shared\Shared.csproj", "{CE63782C-AF79-4BEC-8276-193B08DC78CF}"
EndProject
Project("{FAE04EC0-301F-11D3-BF4B-00C04F79EFBC}") = "Lista1", "Lista1\Lista1.csproj", "{269D70D0-D120-4B24-80A0-1DDF05CB5760}"
EndProject
Project("{FAE04EC0-301F-11D3-BF4B-00C04F79EFBC}") = "Lista2", "Lista2\Lista2.csproj", "{017D14DC-D364-4364-B165-D86C6F3F72FA}"
EndProject
Project("{FAE04EC0-301F-11D3-BF4B-00C04F79EFBC}") = "Lista3", "Lista3\Lista3.csproj", "{ED475575-6728-4182-B674-270005ABAFD8}"
EndProject
Project("{FAE04EC0-301F-11D3-BF4B-00C04F79EFBC}") = "Lista4", "Lista4\Lista4.csproj", "{6BC19528-DD1D-4A51-B971-0107D23BCCD9}"
EndProject
Project("{FAE04EC0-301F-11D3-BF4B-00C04F79EFBC}") = "Lista5", "Lista5\Lista5.csproj", "{D8C7B7FE-C0AB-478F-A8C3-F3EE658FC870}"
EndProject
Project("{FAE04EC0-301F-11D3-BF4B-00C04F79EFBC}") = "Tester", "Tester\Tester.csproj", "{6A35DADE-EED1-4BEA-A9CD-1A78D6DEF729}"
EndProject
Global
	GlobalSection(SolutionConfigurationPlatforms) = preSolution
		Debug|Any CPU = Debug|Any CPU
		Release|Any CPU = Release|Any CPU
	EndGlobalSection
	GlobalSection(ProjectConfigurationPlatforms) = postSolution
		{CE63782C-AF79-4BEC-8276-193B08DC78CF}.Debug|Any CPU.ActiveCfg = Debug|Any CPU
		{CE63782C-AF79-4BEC-8276-193B08DC78CF}.Debug|Any CPU.Build.0 = Debug|Any CPU
		{CE63782C-AF79-4BEC-8276-193B08DC78CF}.Release|Any CPU.ActiveCfg = Release|Any CPU
		{CE63782C-AF79-4BEC-8276-193B08DC78CF}.Release|Any CPU.Build.0 = Release|Any CPU
		{269D70D0-D120-4B24-80A0-1DDF05CB5760}.Debug|Any CPU.ActiveCfg = Debug|Any CPU
		{269D70D0-D120-4B24-80A0-1DDF05CB5760}.Debug|Any CPU.Build.0 = Debug|Any CPU
		{269D70D0-D120-4B24-80A0-1DDF05CB5760}.Release|Any CPU.ActiveCfg = Release|Any CPU
		{269D70D0-D120-4B24-80A0-1DDF05CB5760}.Release|Any CPU.Build.0 = Release|Any CPU
		{017D14DC-D364-4364-B165-D86C6F3F72FA}.Debug|Any CPU.ActiveCfg = Debug|Any CPU
		{017D14DC-D364-4364-B165-D86C6F3F72FA}.Debug|Any CPU.Build.0 = Debug|Any CPU
		{017D14DC-D364-4364-B165-D86C6F3F72FA}.Release|Any CPU.ActiveCfg = Release|Any CPU
		{017D14DC-D364-4364-B165-D86C6F3F72FA}.Release|Any CPU.Build.0 = Release|Any CPU
		{ED475575-6728-4182-B674-270005ABAFD8}.Debug|Any CPU.ActiveCfg = Debug|Any CPU
		{ED475575-6728-4182-B674-270005ABAFD8}.Debug|Any CPU.Build.0 = Debug|Any CPU
		{ED475575-6728-4182-B674-270005ABAFD8}.Release|Any CPU.ActiveCfg = Release|Any CPU
		{ED475575-6728-4182-B674-270005ABAFD8}.Release|Any CPU.Build.0 = Release|Any CPU
		{6BC19528-DD1D-4A51-B971-0107D23BCCD9}.Debug|Any CPU.ActiveCfg = Debug|Any CPU
		{6BC19528-DD1D-4A51-B971-0107D23BCCD9}.Debug|Any CPU.Build.0 = Debug|Any CPU
		{6BC19528-DD1D-4A51-B971-0107D23BCCD9}.Release|Any CPU.ActiveCfg = Release|Any CPU
		{6BC19528-DD1D-4A51-B971-0107D23BCCD9}.Release|Any CPU.Build.0 = Release|Any CPU
		{D8C7B7FE-C0AB-478F-A8C3-F3EE658FC870}.Debug|Any CPU.ActiveCfg = Debug|Any CPU
		{D8C7B7FE-C0AB-478F-A8C3-F3EE658FC870}.Debug|Any CPU.Build.0 = Debug|Any CPU
		{D8C7B7FE-C0AB-478F-A8C3-F3EE658FC870}.Release|Any CPU.ActiveCfg = Release|Any CPU
		{D8C7B7FE-C0AB-478F-A8C3-F3EE658FC870}.Release|Any CPU.Build.0 = Release|Any CPU
		{6A35DADE-EED1-4BEA-A9CD-1A78D6DEF729}.Debug|Any CPU.ActiveCfg = Debug|Any CPU
		{6A35DADE-EED1-4BEA-A9CD-1A78D6DEF729}.Debug|Any CPU.Build.0 = Debug|Any CPU
		{6A35DADE-EED1-4BEA-A9CD-1A78D6DEF729}.Release|Any CPU.ActiveCfg = Release|Any CPU
		{6A35DADE-EED1-4BEA-A9CD-1A78D6DEF729}.Release|Any CPU.Build.0 = Release|Any CPU
	EndGlobalSection
	GlobalSection(SolutionProperties) = preSolution
		HideSolutionNode = FALSE
	EndGlobalSection
EndGlobal
